// !$*UTF8*$!
{
	archiveVersion = 1;
	classes = {
	};
	objectVersion = 55;
	objects = {

/* Begin PBXBuildFile section */
		90D278E3275776650063FA7A /* LearnInApp.swift in Sources */ = {isa = PBXBuildFile; fileRef = 90D278E2275776650063FA7A /* LearnInApp.swift */; };
		90D278E5275776650063FA7A /* ContentView.swift in Sources */ = {isa = PBXBuildFile; fileRef = 90D278E4275776650063FA7A /* ContentView.swift */; };
		90D278E7275776670063FA7A /* Assets.xcassets in Resources */ = {isa = PBXBuildFile; fileRef = 90D278E6275776670063FA7A /* Assets.xcassets */; };
		90D278EA275776670063FA7A /* Preview Assets.xcassets in Resources */ = {isa = PBXBuildFile; fileRef = 90D278E9275776670063FA7A /* Preview Assets.xcassets */; };
		90D278F4275776670063FA7A /* LearnInTests.swift in Sources */ = {isa = PBXBuildFile; fileRef = 90D278F3275776670063FA7A /* LearnInTests.swift */; };
		90D278FE275776670063FA7A /* LearnInUITests.swift in Sources */ = {isa = PBXBuildFile; fileRef = 90D278FD275776670063FA7A /* LearnInUITests.swift */; };
		90D27900275776670063FA7A /* LearnInUITestsLaunchTests.swift in Sources */ = {isa = PBXBuildFile; fileRef = 90D278FF275776670063FA7A /* LearnInUITestsLaunchTests.swift */; };
/* End PBXBuildFile section */

/* Begin PBXContainerItemProxy section */
		90D278F0275776670063FA7A /* PBXContainerItemProxy */ = {
			isa = PBXContainerItemProxy;
			containerPortal = 90D278D7275776650063FA7A /* Project object */;
			proxyType = 1;
			remoteGlobalIDString = 90D278DE275776650063FA7A;
			remoteInfo = LearnIn;
		};
		90D278FA275776670063FA7A /* PBXContainerItemProxy */ = {
			isa = PBXContainerItemProxy;
			containerPortal = 90D278D7275776650063FA7A /* Project object */;
			proxyType = 1;
			remoteGlobalIDString = 90D278DE275776650063FA7A;
			remoteInfo = LearnIn;
		};
/* End PBXContainerItemProxy section */

/* Begin PBXFileReference section */
		90D278DF275776650063FA7A /* LearnIn.app */ = {isa = PBXFileReference; explicitFileType = wrapper.application; includeInIndex = 0; path = LearnIn.app; sourceTree = BUILT_PRODUCTS_DIR; };
		90D278E2275776650063FA7A /* LearnInApp.swift */ = {isa = PBXFileReference; lastKnownFileType = sourcecode.swift; path = LearnInApp.swift; sourceTree = "<group>"; };
		90D278E4275776650063FA7A /* ContentView.swift */ = {isa = PBXFileReference; lastKnownFileType = sourcecode.swift; path = ContentView.swift; sourceTree = "<group>"; };
		90D278E6275776670063FA7A /* Assets.xcassets */ = {isa = PBXFileReference; lastKnownFileType = folder.assetcatalog; path = Assets.xcassets; sourceTree = "<group>"; };
		90D278E9275776670063FA7A /* Preview Assets.xcassets */ = {isa = PBXFileReference; lastKnownFileType = folder.assetcatalog; path = "Preview Assets.xcassets"; sourceTree = "<group>"; };
		90D278EF275776670063FA7A /* LearnInTests.xctest */ = {isa = PBXFileReference; explicitFileType = wrapper.cfbundle; includeInIndex = 0; path = LearnInTests.xctest; sourceTree = BUILT_PRODUCTS_DIR; };
		90D278F3275776670063FA7A /* LearnInTests.swift */ = {isa = PBXFileReference; lastKnownFileType = sourcecode.swift; path = LearnInTests.swift; sourceTree = "<group>"; };
		90D278F9275776670063FA7A /* LearnInUITests.xctest */ = {isa = PBXFileReference; explicitFileType = wrapper.cfbundle; includeInIndex = 0; path = LearnInUITests.xctest; sourceTree = BUILT_PRODUCTS_DIR; };
		90D278FD275776670063FA7A /* LearnInUITests.swift */ = {isa = PBXFileReference; lastKnownFileType = sourcecode.swift; path = LearnInUITests.swift; sourceTree = "<group>"; };
		90D278FF275776670063FA7A /* LearnInUITestsLaunchTests.swift */ = {isa = PBXFileReference; lastKnownFileType = sourcecode.swift; path = LearnInUITestsLaunchTests.swift; sourceTree = "<group>"; };
/* End PBXFileReference section */

/* Begin PBXFrameworksBuildPhase section */
		90D278DC275776650063FA7A /* Frameworks */ = {
			isa = PBXFrameworksBuildPhase;
			buildActionMask = 2147483647;
			files = (
			);
			runOnlyForDeploymentPostprocessing = 0;
		};
		90D278EC275776670063FA7A /* Frameworks */ = {
			isa = PBXFrameworksBuildPhase;
			buildActionMask = 2147483647;
			files = (
			);
			runOnlyForDeploymentPostprocessing = 0;
		};
		90D278F6275776670063FA7A /* Frameworks */ = {
			isa = PBXFrameworksBuildPhase;
			buildActionMask = 2147483647;
			files = (
			);
			runOnlyForDeploymentPostprocessing = 0;
		};
/* End PBXFrameworksBuildPhase section */

/* Begin PBXGroup section */
		90D278D6275776650063FA7A = {
			isa = PBXGroup;
			children = (
				90D278E1275776650063FA7A /* LearnIn */,
				90D278F2275776670063FA7A /* LearnInTests */,
				90D278FC275776670063FA7A /* LearnInUITests */,
				90D278E0275776650063FA7A /* Products */,
			);
			sourceTree = "<group>";
		};
		90D278E0275776650063FA7A /* Products */ = {
			isa = PBXGroup;
			children = (
				90D278DF275776650063FA7A /* LearnIn.app */,
				90D278EF275776670063FA7A /* LearnInTests.xctest */,
				90D278F9275776670063FA7A /* LearnInUITests.xctest */,
			);
			name = Products;
			sourceTree = "<group>";
		};
		90D278E1275776650063FA7A /* LearnIn */ = {
			isa = PBXGroup;
			children = (
				90D278E2275776650063FA7A /* LearnInApp.swift */,
				90D278E4275776650063FA7A /* ContentView.swift */,
				90D278E6275776670063FA7A /* Assets.xcassets */,
				90D278E8275776670063FA7A /* Preview Content */,
			);
			path = LearnIn;
			sourceTree = "<group>";
		};
		90D278E8275776670063FA7A /* Preview Content */ = {
			isa = PBXGroup;
			children = (
				90D278E9275776670063FA7A /* Preview Assets.xcassets */,
			);
			path = "Preview Content";
			sourceTree = "<group>";
		};
		90D278F2275776670063FA7A /* LearnInTests */ = {
			isa = PBXGroup;
			children = (
				90D278F3275776670063FA7A /* LearnInTests.swift */,
			);
			path = LearnInTests;
			sourceTree = "<group>";
		};
		90D278FC275776670063FA7A /* LearnInUITests */ = {
			isa = PBXGroup;
			children = (
				90D278FD275776670063FA7A /* LearnInUITests.swift */,
				90D278FF275776670063FA7A /* LearnInUITestsLaunchTests.swift */,
			);
			path = LearnInUITests;
			sourceTree = "<group>";
		};
/* End PBXGroup section */

/* Begin PBXNativeTarget section */
		90D278DE275776650063FA7A /* LearnIn */ = {
			isa = PBXNativeTarget;
			buildConfigurationList = 90D27903275776670063FA7A /* Build configuration list for PBXNativeTarget "LearnIn" */;
			buildPhases = (
				90D278DB275776650063FA7A /* Sources */,
				90D278DC275776650063FA7A /* Frameworks */,
				90D278DD275776650063FA7A /* Resources */,
			);
			buildRules = (
			);
			dependencies = (
			);
			name = LearnIn;
			productName = LearnIn;
			productReference = 90D278DF275776650063FA7A /* LearnIn.app */;
			productType = "com.apple.product-type.application";
		};
		90D278EE275776670063FA7A /* LearnInTests */ = {
			isa = PBXNativeTarget;
			buildConfigurationList = 90D27906275776670063FA7A /* Build configuration list for PBXNativeTarget "LearnInTests" */;
			buildPhases = (
				90D278EB275776670063FA7A /* Sources */,
				90D278EC275776670063FA7A /* Frameworks */,
				90D278ED275776670063FA7A /* Resources */,
			);
			buildRules = (
			);
			dependencies = (
				90D278F1275776670063FA7A /* PBXTargetDependency */,
			);
			name = LearnInTests;
			productName = LearnInTests;
			productReference = 90D278EF275776670063FA7A /* LearnInTests.xctest */;
			productType = "com.apple.product-type.bundle.unit-test";
		};
		90D278F8275776670063FA7A /* LearnInUITests */ = {
			isa = PBXNativeTarget;
			buildConfigurationList = 90D27909275776670063FA7A /* Build configuration list for PBXNativeTarget "LearnInUITests" */;
			buildPhases = (
				90D278F5275776670063FA7A /* Sources */,
				90D278F6275776670063FA7A /* Frameworks */,
				90D278F7275776670063FA7A /* Resources */,
			);
			buildRules = (
			);
			dependencies = (
				90D278FB275776670063FA7A /* PBXTargetDependency */,
			);
			name = LearnInUITests;
			productName = LearnInUITests;
			productReference = 90D278F9275776670063FA7A /* LearnInUITests.xctest */;
			productType = "com.apple.product-type.bundle.ui-testing";
		};
/* End PBXNativeTarget section */

/* Begin PBXProject section */
		90D278D7275776650063FA7A /* Project object */ = {
			isa = PBXProject;
			attributes = {
				BuildIndependentTargetsInParallel = 1;
				LastSwiftUpdateCheck = 1310;
				LastUpgradeCheck = 1310;
				TargetAttributes = {
					90D278DE275776650063FA7A = {
						CreatedOnToolsVersion = 13.1;
					};
					90D278EE275776670063FA7A = {
						CreatedOnToolsVersion = 13.1;
						TestTargetID = 90D278DE275776650063FA7A;
					};
					90D278F8275776670063FA7A = {
						CreatedOnToolsVersion = 13.1;
						TestTargetID = 90D278DE275776650063FA7A;
					};
				};
			};
			buildConfigurationList = 90D278DA275776650063FA7A /* Build configuration list for PBXProject "LearnIn" */;
			compatibilityVersion = "Xcode 13.0";
			developmentRegion = en;
			hasScannedForEncodings = 0;
			knownRegions = (
				en,
				Base,
			);
			mainGroup = 90D278D6275776650063FA7A;
			productRefGroup = 90D278E0275776650063FA7A /* Products */;
			projectDirPath = "";
			projectRoot = "";
			targets = (
				90D278DE275776650063FA7A /* LearnIn */,
				90D278EE275776670063FA7A /* LearnInTests */,
				90D278F8275776670063FA7A /* LearnInUITests */,
			);
		};
/* End PBXProject section */

/* Begin PBXResourcesBuildPhase section */
		90D278DD275776650063FA7A /* Resources */ = {
			isa = PBXResourcesBuildPhase;
			buildActionMask = 2147483647;
			files = (
				90D278EA275776670063FA7A /* Preview Assets.xcassets in Resources */,
				90D278E7275776670063FA7A /* Assets.xcassets in Resources */,
			);
			runOnlyForDeploymentPostprocessing = 0;
		};
		90D278ED275776670063FA7A /* Resources */ = {
			isa = PBXResourcesBuildPhase;
			buildActionMask = 2147483647;
			files = (
			);
			runOnlyForDeploymentPostprocessing = 0;
		};
		90D278F7275776670063FA7A /* Resources */ = {
			isa = PBXResourcesBuildPhase;
			buildActionMask = 2147483647;
			files = (
			);
			runOnlyForDeploymentPostprocessing = 0;
		};
/* End PBXResourcesBuildPhase section */

/* Begin PBXSourcesBuildPhase section */
		90D278DB275776650063FA7A /* Sources */ = {
			isa = PBXSourcesBuildPhase;
			buildActionMask = 2147483647;
			files = (
				90D278E5275776650063FA7A /* ContentView.swift in Sources */,
				90D278E3275776650063FA7A /* LearnInApp.swift in Sources */,
			);
			runOnlyForDeploymentPostprocessing = 0;
		};
		90D278EB275776670063FA7A /* Sources */ = {
			isa = PBXSourcesBuildPhase;
			buildActionMask = 2147483647;
			files = (
				90D278F4275776670063FA7A /* LearnInTests.swift in Sources */,
			);
			runOnlyForDeploymentPostprocessing = 0;
		};
		90D278F5275776670063FA7A /* Sources */ = {
			isa = PBXSourcesBuildPhase;
			buildActionMask = 2147483647;
			files = (
				90D27900275776670063FA7A /* LearnInUITestsLaunchTests.swift in Sources */,
				90D278FE275776670063FA7A /* LearnInUITests.swift in Sources */,
			);
			runOnlyForDeploymentPostprocessing = 0;
		};
/* End PBXSourcesBuildPhase section */

/* Begin PBXTargetDependency section */
		90D278F1275776670063FA7A /* PBXTargetDependency */ = {
			isa = PBXTargetDependency;
			target = 90D278DE275776650063FA7A /* LearnIn */;
			targetProxy = 90D278F0275776670063FA7A /* PBXContainerItemProxy */;
		};
		90D278FB275776670063FA7A /* PBXTargetDependency */ = {
			isa = PBXTargetDependency;
			target = 90D278DE275776650063FA7A /* LearnIn */;
			targetProxy = 90D278FA275776670063FA7A /* PBXContainerItemProxy */;
		};
/* End PBXTargetDependency section */

/* Begin XCBuildConfiguration section */
		90D27901275776670063FA7A /* Debug */ = {
			isa = XCBuildConfiguration;
			buildSettings = {
				ALWAYS_SEARCH_USER_PATHS = NO;
				CLANG_ANALYZER_NONNULL = YES;
				CLANG_ANALYZER_NUMBER_OBJECT_CONVERSION = YES_AGGRESSIVE;
				CLANG_CXX_LANGUAGE_STANDARD = "gnu++17";
				CLANG_CXX_LIBRARY = "libc++";
				CLANG_ENABLE_MODULES = YES;
				CLANG_ENABLE_OBJC_ARC = YES;
				CLANG_ENABLE_OBJC_WEAK = YES;
				CLANG_WARN_BLOCK_CAPTURE_AUTORELEASING = YES;
				CLANG_WARN_BOOL_CONVERSION = YES;
				CLANG_WARN_COMMA = YES;
				CLANG_WARN_CONSTANT_CONVERSION = YES;
				CLANG_WARN_DEPRECATED_OBJC_IMPLEMENTATIONS = YES;
				CLANG_WARN_DIRECT_OBJC_ISA_USAGE = YES_ERROR;
				CLANG_WARN_DOCUMENTATION_COMMENTS = YES;
				CLANG_WARN_EMPTY_BODY = YES;
				CLANG_WARN_ENUM_CONVERSION = YES;
				CLANG_WARN_INFINITE_RECURSION = YES;
				CLANG_WARN_INT_CONVERSION = YES;
				CLANG_WARN_NON_LITERAL_NULL_CONVERSION = YES;
				CLANG_WARN_OBJC_IMPLICIT_RETAIN_SELF = YES;
				CLANG_WARN_OBJC_LITERAL_CONVERSION = YES;
				CLANG_WARN_OBJC_ROOT_CLASS = YES_ERROR;
				CLANG_WARN_QUOTED_INCLUDE_IN_FRAMEWORK_HEADER = YES;
				CLANG_WARN_RANGE_LOOP_ANALYSIS = YES;
				CLANG_WARN_STRICT_PROTOTYPES = YES;
				CLANG_WARN_SUSPICIOUS_MOVE = YES;
				CLANG_WARN_UNGUARDED_AVAILABILITY = YES_AGGRESSIVE;
				CLANG_WARN_UNREACHABLE_CODE = YES;
				CLANG_WARN__DUPLICATE_METHOD_MATCH = YES;
				COPY_PHASE_STRIP = NO;
				DEBUG_INFORMATION_FORMAT = dwarf;
				ENABLE_STRICT_OBJC_MSGSEND = YES;
				ENABLE_TESTABILITY = YES;
				GCC_C_LANGUAGE_STANDARD = gnu11;
				GCC_DYNAMIC_NO_PIC = NO;
				GCC_NO_COMMON_BLOCKS = YES;
				GCC_OPTIMIZATION_LEVEL = 0;
				GCC_PREPROCESSOR_DEFINITIONS = (
					"DEBUG=1",
					"$(inherited)",
				);
				GCC_WARN_64_TO_32_BIT_CONVERSION = YES;
				GCC_WARN_ABOUT_RETURN_TYPE = YES_ERROR;
				GCC_WARN_UNDECLARED_SELECTOR = YES;
				GCC_WARN_UNINITIALIZED_AUTOS = YES_AGGRESSIVE;
				GCC_WARN_UNUSED_FUNCTION = YES;
				GCC_WARN_UNUSED_VARIABLE = YES;
				IPHONEOS_DEPLOYMENT_TARGET = 15.0;
				MTL_ENABLE_DEBUG_INFO = INCLUDE_SOURCE;
				MTL_FAST_MATH = YES;
				ONLY_ACTIVE_ARCH = YES;
				SDKROOT = iphoneos;
				SWIFT_ACTIVE_COMPILATION_CONDITIONS = DEBUG;
				SWIFT_OPTIMIZATION_LEVEL = "-Onone";
			};
			name = Debug;
		};
		90D27902275776670063FA7A /* Release */ = {
			isa = XCBuildConfiguration;
			buildSettings = {
				ALWAYS_SEARCH_USER_PATHS = NO;
				CLANG_ANALYZER_NONNULL = YES;
				CLANG_ANALYZER_NUMBER_OBJECT_CONVERSION = YES_AGGRESSIVE;
				CLANG_CXX_LANGUAGE_STANDARD = "gnu++17";
				CLANG_CXX_LIBRARY = "libc++";
				CLANG_ENABLE_MODULES = YES;
				CLANG_ENABLE_OBJC_ARC = YES;
				CLANG_ENABLE_OBJC_WEAK = YES;
				CLANG_WARN_BLOCK_CAPTURE_AUTORELEASING = YES;
				CLANG_WARN_BOOL_CONVERSION = YES;
				CLANG_WARN_COMMA = YES;
				CLANG_WARN_CONSTANT_CONVERSION = YES;
				CLANG_WARN_DEPRECATED_OBJC_IMPLEMENTATIONS = YES;
				CLANG_WARN_DIRECT_OBJC_ISA_USAGE = YES_ERROR;
				CLANG_WARN_DOCUMENTATION_COMMENTS = YES;
				CLANG_WARN_EMPTY_BODY = YES;
				CLANG_WARN_ENUM_CONVERSION = YES;
				CLANG_WARN_INFINITE_RECURSION = YES;
				CLANG_WARN_INT_CONVERSION = YES;
				CLANG_WARN_NON_LITERAL_NULL_CONVERSION = YES;
				CLANG_WARN_OBJC_IMPLICIT_RETAIN_SELF = YES;
				CLANG_WARN_OBJC_LITERAL_CONVERSION = YES;
				CLANG_WARN_OBJC_ROOT_CLASS = YES_ERROR;
				CLANG_WARN_QUOTED_INCLUDE_IN_FRAMEWORK_HEADER = YES;
				CLANG_WARN_RANGE_LOOP_ANALYSIS = YES;
				CLANG_WARN_STRICT_PROTOTYPES = YES;
				CLANG_WARN_SUSPICIOUS_MOVE = YES;
				CLANG_WARN_UNGUARDED_AVAILABILITY = YES_AGGRESSIVE;
				CLANG_WARN_UNREACHABLE_CODE = YES;
				CLANG_WARN__DUPLICATE_METHOD_MATCH = YES;
				COPY_PHASE_STRIP = NO;
				DEBUG_INFORMATION_FORMAT = "dwarf-with-dsym";
				ENABLE_NS_ASSERTIONS = NO;
				ENABLE_STRICT_OBJC_MSGSEND = YES;
				GCC_C_LANGUAGE_STANDARD = gnu11;
				GCC_NO_COMMON_BLOCKS = YES;
				GCC_WARN_64_TO_32_BIT_CONVERSION = YES;
				GCC_WARN_ABOUT_RETURN_TYPE = YES_ERROR;
				GCC_WARN_UNDECLARED_SELECTOR = YES;
				GCC_WARN_UNINITIALIZED_AUTOS = YES_AGGRESSIVE;
				GCC_WARN_UNUSED_FUNCTION = YES;
				GCC_WARN_UNUSED_VARIABLE = YES;
				IPHONEOS_DEPLOYMENT_TARGET = 15.0;
				MTL_ENABLE_DEBUG_INFO = NO;
				MTL_FAST_MATH = YES;
				SDKROOT = iphoneos;
				SWIFT_COMPILATION_MODE = wholemodule;
				SWIFT_OPTIMIZATION_LEVEL = "-O";
				VALIDATE_PRODUCT = YES;
			};
			name = Release;
		};
		90D27904275776670063FA7A /* Debug */ = {
			isa = XCBuildConfiguration;
			buildSettings = {
				ASSETCATALOG_COMPILER_APPICON_NAME = AppIcon;
				ASSETCATALOG_COMPILER_GLOBAL_ACCENT_COLOR_NAME = AccentColor;
				CODE_SIGN_STYLE = Automatic;
				CURRENT_PROJECT_VERSION = 1;
				DEVELOPMENT_ASSET_PATHS = "\"LearnIn/Preview Content\"";
				DEVELOPMENT_TEAM = MR3QCBQTWZ;
				ENABLE_PREVIEWS = YES;
				GENERATE_INFOPLIST_FILE = YES;
				INFOPLIST_KEY_UIApplicationSceneManifest_Generation = YES;
				INFOPLIST_KEY_UIApplicationSupportsIndirectInputEvents = YES;
				INFOPLIST_KEY_UILaunchScreen_Generation = YES;
				INFOPLIST_KEY_UISupportedInterfaceOrientations_iPad = "UIInterfaceOrientationPortrait UIInterfaceOrientationPortraitUpsideDown UIInterfaceOrientationLandscapeLeft UIInterfaceOrientationLandscapeRight";
				INFOPLIST_KEY_UISupportedInterfaceOrientations_iPhone = "UIInterfaceOrientationPortrait UIInterfaceOrientationLandscapeLeft UIInterfaceOrientationLandscapeRight";
				LD_RUNPATH_SEARCH_PATHS = (
					"$(inherited)",
					"@executable_path/Frameworks",
				);
				MARKETING_VERSION = 1.0;
				PRODUCT_BUNDLE_IDENTIFIER = com.fawazalrasyid.LearnIn;
				PRODUCT_NAME = "$(TARGET_NAME)";
				SWIFT_EMIT_LOC_STRINGS = YES;
				SWIFT_VERSION = 5.0;
				TARGETED_DEVICE_FAMILY = "1,2";
			};
			name = Debug;
		};
		90D27905275776670063FA7A /* Release */ = {
			isa = XCBuildConfiguration;
			buildSettings = {
				ASSETCATALOG_COMPILER_APPICON_NAME = AppIcon;
				ASSETCATALOG_COMPILER_GLOBAL_ACCENT_COLOR_NAME = AccentColor;
				CODE_SIGN_STYLE = Automatic;
				CURRENT_PROJECT_VERSION = 1;
				DEVELOPMENT_ASSET_PATHS = "\"LearnIn/Preview Content\"";
				DEVELOPMENT_TEAM = MR3QCBQTWZ;
				ENABLE_PREVIEWS = YES;
				GENERATE_INFOPLIST_FILE = YES;
				INFOPLIST_KEY_UIApplicationSceneManifest_Generation = YES;
				INFOPLIST_KEY_UIApplicationSupportsIndirectInputEvents = YES;
				INFOPLIST_KEY_UILaunchScreen_Generation = YES;
				INFOPLIST_KEY_UISupportedInterfaceOrientations_iPad = "UIInterfaceOrientationPortrait UIInterfaceOrientationPortraitUpsideDown UIInterfaceOrientationLandscapeLeft UIInterfaceOrientationLandscapeRight";
				INFOPLIST_KEY_UISupportedInterfaceOrientations_iPhone = "UIInterfaceOrientationPortrait UIInterfaceOrientationLandscapeLeft UIInterfaceOrientationLandscapeRight";
				LD_RUNPATH_SEARCH_PATHS = (
					"$(inherited)",
					"@executable_path/Frameworks",
				);
				MARKETING_VERSION = 1.0;
				PRODUCT_BUNDLE_IDENTIFIER = com.fawazalrasyid.LearnIn;
				PRODUCT_NAME = "$(TARGET_NAME)";
				SWIFT_EMIT_LOC_STRINGS = YES;
				SWIFT_VERSION = 5.0;
				TARGETED_DEVICE_FAMILY = "1,2";
			};
			name = Release;
		};
		90D27907275776670063FA7A /* Debug */ = {
			isa = XCBuildConfiguration;
			buildSettings = {
				ALWAYS_EMBED_SWIFT_STANDARD_LIBRARIES = YES;
				BUNDLE_LOADER = "$(TEST_HOST)";
				CODE_SIGN_STYLE = Automatic;
				CURRENT_PROJECT_VERSION = 1;
				DEVELOPMENT_TEAM = MR3QCBQTWZ;
				GENERATE_INFOPLIST_FILE = YES;
				IPHONEOS_DEPLOYMENT_TARGET = 15.0;
				LD_RUNPATH_SEARCH_PATHS = (
					"$(inherited)",
					"@executable_path/Frameworks",
					"@loader_path/Frameworks",
				);
				MARKETING_VERSION = 1.0;
				PRODUCT_BUNDLE_IDENTIFIER = com.fawazalrasyid.LearnInTests;
				PRODUCT_NAME = "$(TARGET_NAME)";
				SWIFT_EMIT_LOC_STRINGS = NO;
				SWIFT_VERSION = 5.0;
				TARGETED_DEVICE_FAMILY = "1,2";
				TEST_HOST = "$(BUILT_PRODUCTS_DIR)/LearnIn.app/LearnIn";
			};
			name = Debug;
		};
		90D27908275776670063FA7A /* Release */ = {
			isa = XCBuildConfiguration;
			buildSettings = {
				ALWAYS_EMBED_SWIFT_STANDARD_LIBRARIES = YES;
				BUNDLE_LOADER = "$(TEST_HOST)";
				CODE_SIGN_STYLE = Automatic;
				CURRENT_PROJECT_VERSION = 1;
				DEVELOPMENT_TEAM = MR3QCBQTWZ;
				GENERATE_INFOPLIST_FILE = YES;
				IPHONEOS_DEPLOYMENT_TARGET = 15.0;
				LD_RUNPATH_SEARCH_PATHS = (
					"$(inherited)",
					"@executable_path/Frameworks",
					"@loader_path/Frameworks",
				);
				MARKETING_VERSION = 1.0;
				PRODUCT_BUNDLE_IDENTIFIER = com.fawazalrasyid.LearnInTests;
				PRODUCT_NAME = "$(TARGET_NAME)";
				SWIFT_EMIT_LOC_STRINGS = NO;
				SWIFT_VERSION = 5.0;
				TARGETED_DEVICE_FAMILY = "1,2";
				TEST_HOST = "$(BUILT_PRODUCTS_DIR)/LearnIn.app/LearnIn";
			};
			name = Release;
		};
		90D2790A275776670063FA7A /* Debug */ = {
			isa = XCBuildConfiguration;
			buildSettings = {
				ALWAYS_EMBED_SWIFT_STANDARD_LIBRARIES = YES;
				CODE_SIGN_STYLE = Automatic;
				CURRENT_PROJECT_VERSION = 1;
				DEVELOPMENT_TEAM = MR3QCBQTWZ;
				GENERATE_INFOPLIST_FILE = YES;
				LD_RUNPATH_SEARCH_PATHS = (
					"$(inherited)",
					"@executable_path/Frameworks",
					"@loader_path/Frameworks",
				);
				MARKETING_VERSION = 1.0;
				PRODUCT_BUNDLE_IDENTIFIER = com.fawazalrasyid.LearnInUITests;
				PRODUCT_NAME = "$(TARGET_NAME)";
				SWIFT_EMIT_LOC_STRINGS = NO;
				SWIFT_VERSION = 5.0;
				TARGETED_DEVICE_FAMILY = "1,2";
				TEST_TARGET_NAME = LearnIn;
			};
			name = Debug;
		};
		90D2790B275776670063FA7A /* Release */ = {
			isa = XCBuildConfiguration;
			buildSettings = {
				ALWAYS_EMBED_SWIFT_STANDARD_LIBRARIES = YES;
				CODE_SIGN_STYLE = Automatic;
				CURRENT_PROJECT_VERSION = 1;
				DEVELOPMENT_TEAM = MR3QCBQTWZ;
				GENERATE_INFOPLIST_FILE = YES;
				LD_RUNPATH_SEARCH_PATHS = (
					"$(inherited)",
					"@executable_path/Frameworks",
					"@loader_path/Frameworks",
				);
				MARKETING_VERSION = 1.0;
				PRODUCT_BUNDLE_IDENTIFIER = com.fawazalrasyid.LearnInUITests;
				PRODUCT_NAME = "$(TARGET_NAME)";
				SWIFT_EMIT_LOC_STRINGS = NO;
				SWIFT_VERSION = 5.0;
				TARGETED_DEVICE_FAMILY = "1,2";
				TEST_TARGET_NAME = LearnIn;
			};
			name = Release;
		};
/* End XCBuildConfiguration section */

/* Begin XCConfigurationList section */
		90D278DA275776650063FA7A /* Build configuration list for PBXProject "LearnIn" */ = {
			isa = XCConfigurationList;
			buildConfigurations = (
				90D27901275776670063FA7A /* Debug */,
				90D27902275776670063FA7A /* Release */,
			);
			defaultConfigurationIsVisible = 0;
			defaultConfigurationName = Release;
		};
		90D27903275776670063FA7A /* Build configuration list for PBXNativeTarget "LearnIn" */ = {
			isa = XCConfigurationList;
			buildConfigurations = (
				90D27904275776670063FA7A /* Debug */,
				90D27905275776670063FA7A /* Release */,
			);
			defaultConfigurationIsVisible = 0;
			defaultConfigurationName = Release;
		};
		90D27906275776670063FA7A /* Build configuration list for PBXNativeTarget "LearnInTests" */ = {
			isa = XCConfigurationList;
			buildConfigurations = (
				90D27907275776670063FA7A /* Debug */,
				90D27908275776670063FA7A /* Release */,
			);
			defaultConfigurationIsVisible = 0;
			defaultConfigurationName = Release;
		};
		90D27909275776670063FA7A /* Build configuration list for PBXNativeTarget "LearnInUITests" */ = {
			isa = XCConfigurationList;
			buildConfigurations = (
				90D2790A275776670063FA7A /* Debug */,
				90D2790B275776670063FA7A /* Release */,
			);
			defaultConfigurationIsVisible = 0;
			defaultConfigurationName = Release;
		};
/* End XCConfigurationList section */
	};
	rootObject = 90D278D7275776650063FA7A /* Project object */;
}
